// !$*UTF8*$!
{
	archiveVersion = 1;
	classes = {
	};
	objectVersion = 60;
	objects = {

/* Begin PBXBuildFile section */
		420012F02C50B9BF007ACC67 /* CRMenuItem.swift in Sources */ = {isa = PBXBuildFile; fileRef = 420012EF2C50B9BD007ACC67 /* CRMenuItem.swift */; };
		420012F22C50B9C5007ACC67 /* CRPlacemark.swift in Sources */ = {isa = PBXBuildFile; fileRef = 420012F12C50B9C3007ACC67 /* CRPlacemark.swift */; };
		420012F52C5207C9007ACC67 /* MapWindowDelegate.swift in Sources */ = {isa = PBXBuildFile; fileRef = 420012F42C5207BB007ACC67 /* MapWindowDelegate.swift */; };
		420012FD2C535F8C007ACC67 /* AboutView.swift in Sources */ = {isa = PBXBuildFile; fileRef = 420012FC2C535F88007ACC67 /* AboutView.swift */; };
		420012FF2C5367A7007ACC67 /* UserInfo.swift in Sources */ = {isa = PBXBuildFile; fileRef = 420012FE2C5367A5007ACC67 /* UserInfo.swift */; };
		420013012C536B95007ACC67 /* AboutWindowDelegate.swift in Sources */ = {isa = PBXBuildFile; fileRef = 420013002C536B93007ACC67 /* AboutWindowDelegate.swift */; };
		422124BF2C5026D80062695A /* AppDelegate.swift in Sources */ = {isa = PBXBuildFile; fileRef = 422124BE2C5026D80062695A /* AppDelegate.swift */; };
		422124C12C5026DA0062695A /* Assets.xcassets in Resources */ = {isa = PBXBuildFile; fileRef = 422124C02C5026DA0062695A /* Assets.xcassets */; };
		422124CE2C5026FA0062695A /* ChicagoTransitInterface.swift in Sources */ = {isa = PBXBuildFile; fileRef = 422124CC2C5026FA0062695A /* ChicagoTransitInterface.swift */; };
		422124CF2C5026FA0062695A /* InterfaceResultProcessing.swift in Sources */ = {isa = PBXBuildFile; fileRef = 422124CD2C5026FA0062695A /* InterfaceResultProcessing.swift */; };
		422124D32C50270E0062695A /* Structs.swift in Sources */ = {isa = PBXBuildFile; fileRef = 422124D22C50270E0062695A /* Structs.swift */; };
		422124DA2C502D920062695A /* CeruleanApp.swift in Sources */ = {isa = PBXBuildFile; fileRef = 422124D92C502D900062695A /* CeruleanApp.swift */; };
		424B28F32C509E81002E3E9B /* CRMapView.swift in Sources */ = {isa = PBXBuildFile; fileRef = 424B28F22C509E79002E3E9B /* CRMapView.swift */; };
/* End PBXBuildFile section */

/* Begin PBXFileReference section */
		420012EF2C50B9BD007ACC67 /* CRMenuItem.swift */ = {isa = PBXFileReference; lastKnownFileType = sourcecode.swift; path = CRMenuItem.swift; sourceTree = "<group>"; };
		420012F12C50B9C3007ACC67 /* CRPlacemark.swift */ = {isa = PBXFileReference; lastKnownFileType = sourcecode.swift; path = CRPlacemark.swift; sourceTree = "<group>"; };
		420012F42C5207BB007ACC67 /* MapWindowDelegate.swift */ = {isa = PBXFileReference; lastKnownFileType = sourcecode.swift; path = MapWindowDelegate.swift; sourceTree = "<group>"; };
		420012FC2C535F88007ACC67 /* AboutView.swift */ = {isa = PBXFileReference; lastKnownFileType = sourcecode.swift; path = AboutView.swift; sourceTree = "<group>"; };
		420012FE2C5367A5007ACC67 /* UserInfo.swift */ = {isa = PBXFileReference; lastKnownFileType = sourcecode.swift; path = UserInfo.swift; sourceTree = "<group>"; };
		420013002C536B93007ACC67 /* AboutWindowDelegate.swift */ = {isa = PBXFileReference; lastKnownFileType = sourcecode.swift; path = AboutWindowDelegate.swift; sourceTree = "<group>"; };
		422124BB2C5026D80062695A /* Cerulean.app */ = {isa = PBXFileReference; explicitFileType = wrapper.application; includeInIndex = 0; path = Cerulean.app; sourceTree = BUILT_PRODUCTS_DIR; };
		422124BE2C5026D80062695A /* AppDelegate.swift */ = {isa = PBXFileReference; lastKnownFileType = sourcecode.swift; path = AppDelegate.swift; sourceTree = "<group>"; };
		422124C02C5026DA0062695A /* Assets.xcassets */ = {isa = PBXFileReference; lastKnownFileType = folder.assetcatalog; path = Assets.xcassets; sourceTree = "<group>"; };
		422124C52C5026DA0062695A /* Cerulean.entitlements */ = {isa = PBXFileReference; lastKnownFileType = text.plist.entitlements; path = Cerulean.entitlements; sourceTree = "<group>"; };
		422124CC2C5026FA0062695A /* ChicagoTransitInterface.swift */ = {isa = PBXFileReference; lastKnownFileType = sourcecode.swift; path = ChicagoTransitInterface.swift; sourceTree = "<group>"; };
		422124CD2C5026FA0062695A /* InterfaceResultProcessing.swift */ = {isa = PBXFileReference; lastKnownFileType = sourcecode.swift; path = InterfaceResultProcessing.swift; sourceTree = "<group>"; };
		422124D22C50270E0062695A /* Structs.swift */ = {isa = PBXFileReference; lastKnownFileType = sourcecode.swift; path = Structs.swift; sourceTree = "<group>"; };
		422124D92C502D900062695A /* CeruleanApp.swift */ = {isa = PBXFileReference; lastKnownFileType = sourcecode.swift; path = CeruleanApp.swift; sourceTree = "<group>"; };
		422124DB2C502E6D0062695A /* Info.plist */ = {isa = PBXFileReference; lastKnownFileType = text.plist; path = Info.plist; sourceTree = "<group>"; };
		424B28F22C509E79002E3E9B /* CRMapView.swift */ = {isa = PBXFileReference; lastKnownFileType = sourcecode.swift; path = CRMapView.swift; sourceTree = "<group>"; };
/* End PBXFileReference section */

/* Begin PBXFrameworksBuildPhase section */
		422124B82C5026D80062695A /* Frameworks */ = {
			isa = PBXFrameworksBuildPhase;
			buildActionMask = 2147483647;
			files = (
			);
			runOnlyForDeploymentPostprocessing = 0;
		};
/* End PBXFrameworksBuildPhase section */

/* Begin PBXGroup section */
		420012EE2C50B9B5007ACC67 /* Subclasses */ = {
			isa = PBXGroup;
			children = (
				424B28F22C509E79002E3E9B /* CRMapView.swift */,
				420012EF2C50B9BD007ACC67 /* CRMenuItem.swift */,
				420012F12C50B9C3007ACC67 /* CRPlacemark.swift */,
			);
			path = Subclasses;
			sourceTree = "<group>";
		};
		422124B22C5026D80062695A = {
			isa = PBXGroup;
			children = (
				422124BD2C5026D80062695A /* Cerulean */,
				422124BC2C5026D80062695A /* Products */,
			);
			sourceTree = "<group>";
		};
		422124BC2C5026D80062695A /* Products */ = {
			isa = PBXGroup;
			children = (
				422124BB2C5026D80062695A /* Cerulean.app */,
			);
			name = Products;
			sourceTree = "<group>";
		};
		422124BD2C5026D80062695A /* Cerulean */ = {
			isa = PBXGroup;
			children = (
				420012FE2C5367A5007ACC67 /* UserInfo.swift */,
				420012F42C5207BB007ACC67 /* MapWindowDelegate.swift */,
				420013002C536B93007ACC67 /* AboutWindowDelegate.swift */,
				420012EE2C50B9B5007ACC67 /* Subclasses */,
				422124CB2C5026F20062695A /* API */,
				422124DB2C502E6D0062695A /* Info.plist */,
				422124D92C502D900062695A /* CeruleanApp.swift */,
				422124BE2C5026D80062695A /* AppDelegate.swift */,
				420012FC2C535F88007ACC67 /* AboutView.swift */,
				422124D22C50270E0062695A /* Structs.swift */,
				422124C02C5026DA0062695A /* Assets.xcassets */,
				422124C52C5026DA0062695A /* Cerulean.entitlements */,
			);
			path = Cerulean;
			sourceTree = "<group>";
		};
		422124CB2C5026F20062695A /* API */ = {
			isa = PBXGroup;
			children = (
				422124CC2C5026FA0062695A /* ChicagoTransitInterface.swift */,
				422124CD2C5026FA0062695A /* InterfaceResultProcessing.swift */,
			);
			path = API;
			sourceTree = "<group>";
		};
/* End PBXGroup section */

/* Begin PBXNativeTarget section */
		422124BA2C5026D80062695A /* Cerulean */ = {
			isa = PBXNativeTarget;
			buildConfigurationList = 422124C82C5026DA0062695A /* Build configuration list for PBXNativeTarget "Cerulean" */;
			buildPhases = (
				422124B72C5026D80062695A /* Sources */,
				422124B82C5026D80062695A /* Frameworks */,
				422124B92C5026D80062695A /* Resources */,
			);
			buildRules = (
			);
			dependencies = (
			);
			name = Cerulean;
			productName = Cerulean;
			productReference = 422124BB2C5026D80062695A /* Cerulean.app */;
			productType = "com.apple.product-type.application";
		};
/* End PBXNativeTarget section */

/* Begin PBXProject section */
		422124B32C5026D80062695A /* Project object */ = {
			isa = PBXProject;
			attributes = {
				BuildIndependentTargetsInParallel = 1;
				LastSwiftUpdateCheck = 1600;
				LastUpgradeCheck = 1600;
				TargetAttributes = {
					422124BA2C5026D80062695A = {
						CreatedOnToolsVersion = 16.0;
						LastSwiftMigration = 1600;
					};
				};
			};
			buildConfigurationList = 422124B62C5026D80062695A /* Build configuration list for PBXProject "Cerulean" */;
			compatibilityVersion = "Xcode 15.0";
			developmentRegion = en;
			hasScannedForEncodings = 0;
			knownRegions = (
				en,
				Base,
			);
			mainGroup = 422124B22C5026D80062695A;
			productRefGroup = 422124BC2C5026D80062695A /* Products */;
			projectDirPath = "";
			projectRoot = "";
			targets = (
				422124BA2C5026D80062695A /* Cerulean */,
			);
		};
/* End PBXProject section */

/* Begin PBXResourcesBuildPhase section */
		422124B92C5026D80062695A /* Resources */ = {
			isa = PBXResourcesBuildPhase;
			buildActionMask = 2147483647;
			files = (
				422124C12C5026DA0062695A /* Assets.xcassets in Resources */,
			);
			runOnlyForDeploymentPostprocessing = 0;
		};
/* End PBXResourcesBuildPhase section */

/* Begin PBXSourcesBuildPhase section */
		422124B72C5026D80062695A /* Sources */ = {
			isa = PBXSourcesBuildPhase;
			buildActionMask = 2147483647;
			files = (
				422124BF2C5026D80062695A /* AppDelegate.swift in Sources */,
				420012F22C50B9C5007ACC67 /* CRPlacemark.swift in Sources */,
				420013012C536B95007ACC67 /* AboutWindowDelegate.swift in Sources */,
				424B28F32C509E81002E3E9B /* CRMapView.swift in Sources */,
				420012F52C5207C9007ACC67 /* MapWindowDelegate.swift in Sources */,
				422124D32C50270E0062695A /* Structs.swift in Sources */,
				422124CE2C5026FA0062695A /* ChicagoTransitInterface.swift in Sources */,
				422124DA2C502D920062695A /* CeruleanApp.swift in Sources */,
				420012F02C50B9BF007ACC67 /* CRMenuItem.swift in Sources */,
				422124CF2C5026FA0062695A /* InterfaceResultProcessing.swift in Sources */,
				420012FF2C5367A7007ACC67 /* UserInfo.swift in Sources */,
				420012FD2C535F8C007ACC67 /* AboutView.swift in Sources */,
			);
			runOnlyForDeploymentPostprocessing = 0;
		};
/* End PBXSourcesBuildPhase section */

/* Begin XCBuildConfiguration section */
		422124C62C5026DA0062695A /* Debug */ = {
			isa = XCBuildConfiguration;
			buildSettings = {
				ALWAYS_SEARCH_USER_PATHS = NO;
				ASSETCATALOG_COMPILER_GENERATE_SWIFT_ASSET_SYMBOL_EXTENSIONS = YES;
				CLANG_ANALYZER_NONNULL = YES;
				CLANG_ANALYZER_NUMBER_OBJECT_CONVERSION = YES_AGGRESSIVE;
				CLANG_CXX_LANGUAGE_STANDARD = "gnu++20";
				CLANG_ENABLE_MODULES = YES;
				CLANG_ENABLE_OBJC_ARC = YES;
				CLANG_ENABLE_OBJC_WEAK = YES;
				CLANG_WARN_BLOCK_CAPTURE_AUTORELEASING = YES;
				CLANG_WARN_BOOL_CONVERSION = YES;
				CLANG_WARN_COMMA = YES;
				CLANG_WARN_CONSTANT_CONVERSION = YES;
				CLANG_WARN_DEPRECATED_OBJC_IMPLEMENTATIONS = YES;
				CLANG_WARN_DIRECT_OBJC_ISA_USAGE = YES_ERROR;
				CLANG_WARN_DOCUMENTATION_COMMENTS = YES;
				CLANG_WARN_EMPTY_BODY = YES;
				CLANG_WARN_ENUM_CONVERSION = YES;
				CLANG_WARN_INFINITE_RECURSION = YES;
				CLANG_WARN_INT_CONVERSION = YES;
				CLANG_WARN_NON_LITERAL_NULL_CONVERSION = YES;
				CLANG_WARN_OBJC_IMPLICIT_RETAIN_SELF = YES;
				CLANG_WARN_OBJC_LITERAL_CONVERSION = YES;
				CLANG_WARN_OBJC_ROOT_CLASS = YES_ERROR;
				CLANG_WARN_QUOTED_INCLUDE_IN_FRAMEWORK_HEADER = YES;
				CLANG_WARN_RANGE_LOOP_ANALYSIS = YES;
				CLANG_WARN_STRICT_PROTOTYPES = YES;
				CLANG_WARN_SUSPICIOUS_MOVE = YES;
				CLANG_WARN_UNGUARDED_AVAILABILITY = YES_AGGRESSIVE;
				CLANG_WARN_UNREACHABLE_CODE = YES;
				CLANG_WARN__DUPLICATE_METHOD_MATCH = YES;
				COPY_PHASE_STRIP = NO;
				DEBUG_INFORMATION_FORMAT = dwarf;
				ENABLE_STRICT_OBJC_MSGSEND = YES;
				ENABLE_TESTABILITY = YES;
				ENABLE_USER_SCRIPT_SANDBOXING = YES;
				GCC_C_LANGUAGE_STANDARD = gnu17;
				GCC_DYNAMIC_NO_PIC = NO;
				GCC_NO_COMMON_BLOCKS = YES;
				GCC_OPTIMIZATION_LEVEL = 0;
				GCC_PREPROCESSOR_DEFINITIONS = (
					"DEBUG=1",
					"$(inherited)",
				);
				GCC_WARN_64_TO_32_BIT_CONVERSION = YES;
				GCC_WARN_ABOUT_RETURN_TYPE = YES_ERROR;
				GCC_WARN_UNDECLARED_SELECTOR = YES;
				GCC_WARN_UNINITIALIZED_AUTOS = YES_AGGRESSIVE;
				GCC_WARN_UNUSED_FUNCTION = YES;
				GCC_WARN_UNUSED_VARIABLE = YES;
				LOCALIZATION_PREFERS_STRING_CATALOGS = YES;
				MACOSX_DEPLOYMENT_TARGET = 15.0;
				MTL_ENABLE_DEBUG_INFO = INCLUDE_SOURCE;
				MTL_FAST_MATH = YES;
				ONLY_ACTIVE_ARCH = YES;
				SDKROOT = macosx;
				SWIFT_ACTIVE_COMPILATION_CONDITIONS = "DEBUG $(inherited)";
				SWIFT_OPTIMIZATION_LEVEL = "-Onone";
			};
			name = Debug;
		};
		422124C72C5026DA0062695A /* Release */ = {
			isa = XCBuildConfiguration;
			buildSettings = {
				ALWAYS_SEARCH_USER_PATHS = NO;
				ASSETCATALOG_COMPILER_GENERATE_SWIFT_ASSET_SYMBOL_EXTENSIONS = YES;
				CLANG_ANALYZER_NONNULL = YES;
				CLANG_ANALYZER_NUMBER_OBJECT_CONVERSION = YES_AGGRESSIVE;
				CLANG_CXX_LANGUAGE_STANDARD = "gnu++20";
				CLANG_ENABLE_MODULES = YES;
				CLANG_ENABLE_OBJC_ARC = YES;
				CLANG_ENABLE_OBJC_WEAK = YES;
				CLANG_WARN_BLOCK_CAPTURE_AUTORELEASING = YES;
				CLANG_WARN_BOOL_CONVERSION = YES;
				CLANG_WARN_COMMA = YES;
				CLANG_WARN_CONSTANT_CONVERSION = YES;
				CLANG_WARN_DEPRECATED_OBJC_IMPLEMENTATIONS = YES;
				CLANG_WARN_DIRECT_OBJC_ISA_USAGE = YES_ERROR;
				CLANG_WARN_DOCUMENTATION_COMMENTS = YES;
				CLANG_WARN_EMPTY_BODY = YES;
				CLANG_WARN_ENUM_CONVERSION = YES;
				CLANG_WARN_INFINITE_RECURSION = YES;
				CLANG_WARN_INT_CONVERSION = YES;
				CLANG_WARN_NON_LITERAL_NULL_CONVERSION = YES;
				CLANG_WARN_OBJC_IMPLICIT_RETAIN_SELF = YES;
				CLANG_WARN_OBJC_LITERAL_CONVERSION = YES;
				CLANG_WARN_OBJC_ROOT_CLASS = YES_ERROR;
				CLANG_WARN_QUOTED_INCLUDE_IN_FRAMEWORK_HEADER = YES;
				CLANG_WARN_RANGE_LOOP_ANALYSIS = YES;
				CLANG_WARN_STRICT_PROTOTYPES = YES;
				CLANG_WARN_SUSPICIOUS_MOVE = YES;
				CLANG_WARN_UNGUARDED_AVAILABILITY = YES_AGGRESSIVE;
				CLANG_WARN_UNREACHABLE_CODE = YES;
				CLANG_WARN__DUPLICATE_METHOD_MATCH = YES;
				COPY_PHASE_STRIP = NO;
				DEBUG_INFORMATION_FORMAT = "dwarf-with-dsym";
				ENABLE_NS_ASSERTIONS = NO;
				ENABLE_STRICT_OBJC_MSGSEND = YES;
				ENABLE_USER_SCRIPT_SANDBOXING = YES;
				GCC_C_LANGUAGE_STANDARD = gnu17;
				GCC_NO_COMMON_BLOCKS = YES;
				GCC_WARN_64_TO_32_BIT_CONVERSION = YES;
				GCC_WARN_ABOUT_RETURN_TYPE = YES_ERROR;
				GCC_WARN_UNDECLARED_SELECTOR = YES;
				GCC_WARN_UNINITIALIZED_AUTOS = YES_AGGRESSIVE;
				GCC_WARN_UNUSED_FUNCTION = YES;
				GCC_WARN_UNUSED_VARIABLE = YES;
				LOCALIZATION_PREFERS_STRING_CATALOGS = YES;
				MACOSX_DEPLOYMENT_TARGET = 15.0;
				MTL_ENABLE_DEBUG_INFO = NO;
				MTL_FAST_MATH = YES;
				SDKROOT = macosx;
				SWIFT_COMPILATION_MODE = wholemodule;
			};
			name = Release;
		};
		422124C92C5026DA0062695A /* Debug */ = {
			isa = XCBuildConfiguration;
			buildSettings = {
				ASSETCATALOG_COMPILER_APPICON_NAME = AppIcon;
				ASSETCATALOG_COMPILER_GLOBAL_ACCENT_COLOR_NAME = AccentColor;
				CLANG_ENABLE_MODULES = YES;
				CODE_SIGN_ENTITLEMENTS = Cerulean/Cerulean.entitlements;
				CODE_SIGN_STYLE = Automatic;
				COMBINE_HIDPI_IMAGES = YES;
				CURRENT_PROJECT_VERSION = 463;
				DEVELOPMENT_TEAM = DK2B92MAN7;
				ENABLE_HARDENED_RUNTIME = YES;
				GENERATE_INFOPLIST_FILE = YES;
				INFOPLIST_FILE = Cerulean/Info.plist;
				INFOPLIST_KEY_CFBundleDisplayName = Cerulean;
				INFOPLIST_KEY_LSBackgroundOnly = NO;
				INFOPLIST_KEY_LSUIElement = YES;
				INFOPLIST_KEY_NSHumanReadableCopyright = "";
				INFOPLIST_KEY_NSPrincipalClass = Cerulean.CeruleanApp;
				LD_RUNPATH_SEARCH_PATHS = (
					"$(inherited)",
					"@executable_path/../Frameworks",
				);
				MARKETING_VERSION = 1.0;
				PRODUCT_BUNDLE_IDENTIFIER = com.whitetailani.Cerulean;
				PRODUCT_NAME = "$(TARGET_NAME)";
				SWIFT_EMIT_LOC_STRINGS = YES;
				SWIFT_OPTIMIZATION_LEVEL = "-Onone";
				SWIFT_VERSION = 5.0;
			};
			name = Debug;
		};
		422124CA2C5026DA0062695A /* Release */ = {
			isa = XCBuildConfiguration;
			buildSettings = {
				ASSETCATALOG_COMPILER_APPICON_NAME = AppIcon;
				ASSETCATALOG_COMPILER_GLOBAL_ACCENT_COLOR_NAME = AccentColor;
				CLANG_ENABLE_MODULES = YES;
				CODE_SIGN_ENTITLEMENTS = Cerulean/Cerulean.entitlements;
				CODE_SIGN_STYLE = Automatic;
				COMBINE_HIDPI_IMAGES = YES;
				CURRENT_PROJECT_VERSION = 463;
				DEVELOPMENT_TEAM = DK2B92MAN7;
				ENABLE_HARDENED_RUNTIME = YES;
				GENERATE_INFOPLIST_FILE = YES;
				INFOPLIST_FILE = Cerulean/Info.plist;
				INFOPLIST_KEY_CFBundleDisplayName = Cerulean;
				INFOPLIST_KEY_LSBackgroundOnly = NO;
				INFOPLIST_KEY_LSUIElement = YES;
				INFOPLIST_KEY_NSHumanReadableCopyright = "";
				INFOPLIST_KEY_NSPrincipalClass = Cerulean.CeruleanApp;
				LD_RUNPATH_SEARCH_PATHS = (
					"$(inherited)",
					"@executable_path/../Frameworks",
				);
				MARKETING_VERSION = 1.0;
				PRODUCT_BUNDLE_IDENTIFIER = com.whitetailani.Cerulean;
				PRODUCT_NAME = "$(TARGET_NAME)";
				SWIFT_EMIT_LOC_STRINGS = YES;
				SWIFT_VERSION = 5.0;
			};
			name = Release;
		};
/* End XCBuildConfiguration section */

/* Begin XCConfigurationList section */
		422124B62C5026D80062695A /* Build configuration list for PBXProject "Cerulean" */ = {
			isa = XCConfigurationList;
			buildConfigurations = (
				422124C62C5026DA0062695A /* Debug */,
				422124C72C5026DA0062695A /* Release */,
			);
			defaultConfigurationIsVisible = 0;
			defaultConfigurationName = Release;
		};
		422124C82C5026DA0062695A /* Build configuration list for PBXNativeTarget "Cerulean" */ = {
			isa = XCConfigurationList;
			buildConfigurations = (
				422124C92C5026DA0062695A /* Debug */,
				422124CA2C5026DA0062695A /* Release */,
			);
			defaultConfigurationIsVisible = 0;
			defaultConfigurationName = Release;
		};
/* End XCConfigurationList section */
	};
	rootObject = 422124B32C5026D80062695A /* Project object */;
}
