// !$*UTF8*$!
{
	archiveVersion = 1;
	classes = {
	};
	objectVersion = 60;
	objects = {

/* Begin PBXBuildFile section */
		420012F02C50B9BF007ACC67 /* CRMenuItem.swift in Sources */ = {isa = PBXBuildFile; fileRef = 420012EF2C50B9BD007ACC67 /* CRMenuItem.swift */; };
		420012F22C50B9C5007ACC67 /* CRPlacemark.swift in Sources */ = {isa = PBXBuildFile; fileRef = 420012F12C50B9C3007ACC67 /* CRPlacemark.swift */; };
		420012FD2C535F8C007ACC67 /* AboutView.swift in Sources */ = {isa = PBXBuildFile; fileRef = 420012FC2C535F88007ACC67 /* AboutView.swift */; };
		420012FF2C5367A7007ACC67 /* UserInfo.swift in Sources */ = {isa = PBXBuildFile; fileRef = 420012FE2C5367A5007ACC67 /* UserInfo.swift */; };
		420013012C536B95007ACC67 /* AboutWindowDelegate.swift in Sources */ = {isa = PBXBuildFile; fileRef = 420013002C536B93007ACC67 /* AboutWindowDelegate.swift */; };
		420013032C54B0AF007ACC67 /* CRMarkerAnnotationView.swift in Sources */ = {isa = PBXBuildFile; fileRef = 420013022C54B0AC007ACC67 /* CRMarkerAnnotationView.swift */; };
		420013062C54B1F1007ACC67 /* CRLine.swift in Sources */ = {isa = PBXBuildFile; fileRef = 420013052C54B1F0007ACC67 /* CRLine.swift */; };
		420013082C54B1FC007ACC67 /* CRTime.swift in Sources */ = {isa = PBXBuildFile; fileRef = 420013072C54B1FB007ACC67 /* CRTime.swift */; };
		4200130A2C54B2B6007ACC67 /* Extensions.swift in Sources */ = {isa = PBXBuildFile; fileRef = 420013092C54B2B5007ACC67 /* Extensions.swift */; };
		4200130C2C54B47E007ACC67 /* CRPointAnnotation.swift in Sources */ = {isa = PBXBuildFile; fileRef = 4200130B2C54B479007ACC67 /* CRPointAnnotation.swift */; };
		4200132C2C54E846007ACC67 /* AutomaticRefresh.swift in Sources */ = {isa = PBXBuildFile; fileRef = 4200132B2C54E841007ACC67 /* AutomaticRefresh.swift */; };
		422124BF2C5026D80062695A /* AppDelegate.swift in Sources */ = {isa = PBXBuildFile; fileRef = 422124BE2C5026D80062695A /* AppDelegate.swift */; };
		422124C12C5026DA0062695A /* Assets.xcassets in Resources */ = {isa = PBXBuildFile; fileRef = 422124C02C5026DA0062695A /* Assets.xcassets */; };
		422124CE2C5026FA0062695A /* ChicagoTransitInterface.swift in Sources */ = {isa = PBXBuildFile; fileRef = 422124CC2C5026FA0062695A /* ChicagoTransitInterface.swift */; };
		422124CF2C5026FA0062695A /* InterfaceResultProcessing.swift in Sources */ = {isa = PBXBuildFile; fileRef = 422124CD2C5026FA0062695A /* InterfaceResultProcessing.swift */; };
		422124DA2C502D920062695A /* CeruleanApp.swift in Sources */ = {isa = PBXBuildFile; fileRef = 422124D92C502D900062695A /* CeruleanApp.swift */; };
		424B28F32C509E81002E3E9B /* CRMapView.swift in Sources */ = {isa = PBXBuildFile; fileRef = 424B28F22C509E79002E3E9B /* CRMapView.swift */; };
		42A41DF52C5B369E004ABBC1 /* CRTextField.swift in Sources */ = {isa = PBXBuildFile; fileRef = 42A41DF42C5B369C004ABBC1 /* CRTextField.swift */; };
		42D999FC2CFD6E2500A060A2 /* METXAPI.swift in Sources */ = {isa = PBXBuildFile; fileRef = 42D999FB2CFD6E1F00A060A2 /* METXAPI.swift */; };
		42D999FE2CFD823E00A060A2 /* CRPoint.swift in Sources */ = {isa = PBXBuildFile; fileRef = 42D999FD2CFD823700A060A2 /* CRPoint.swift */; };
		42D99A002CFD82D700A060A2 /* cta.csv in Resources */ = {isa = PBXBuildFile; fileRef = 42D999FF2CFD82D700A060A2 /* cta.csv */; };
		42D99A022CFD8B4600A060A2 /* CRPolyline.swift in Sources */ = {isa = PBXBuildFile; fileRef = 42D99A012CFD8B4400A060A2 /* CRPolyline.swift */; };
		42D99A072CFE50C400A060A2 /* MetworkManager.swift in Sources */ = {isa = PBXBuildFile; fileRef = 42D99A062CFE50C400A060A2 /* MetworkManager.swift */; };
		42D99A092CFE5BC800A060A2 /* MTConsist.swift in Sources */ = {isa = PBXBuildFile; fileRef = 42D99A082CFE5BC200A060A2 /* MTConsist.swift */; };
		42D99A0D2CFE5E5800A060A2 /* MTService.swift in Sources */ = {isa = PBXBuildFile; fileRef = 42D99A0C2CFE5E5600A060A2 /* MTService.swift */; };
		42D99A0F2CFE9E4000A060A2 /* MTPlacemark.swift in Sources */ = {isa = PBXBuildFile; fileRef = 42D99A0E2CFE9E4000A060A2 /* MTPlacemark.swift */; };
		42D99A132CFE9E5E00A060A2 /* MTMarkerAnnotationView.swift in Sources */ = {isa = PBXBuildFile; fileRef = 42D99A122CFE9E5E00A060A2 /* MTMarkerAnnotationView.swift */; };
		42D99A152CFE9E6500A060A2 /* MTPointAnnotation.swift in Sources */ = {isa = PBXBuildFile; fileRef = 42D99A142CFE9E6500A060A2 /* MTPointAnnotation.swift */; };
		42D99A172CFE9EBA00A060A2 /* MTMenuItem.swift in Sources */ = {isa = PBXBuildFile; fileRef = 42D99A162CFE9EBA00A060A2 /* MTMenuItem.swift */; };
		42D99A192CFE9FEA00A060A2 /* MTMapView.swift in Sources */ = {isa = PBXBuildFile; fileRef = 42D99A182CFE9FEA00A060A2 /* MTMapView.swift */; };
		42D99A1B2CFEA00900A060A2 /* MTPolyline.swift in Sources */ = {isa = PBXBuildFile; fileRef = 42D99A1A2CFEA00900A060A2 /* MTPolyline.swift */; };
		42D99A1D2CFEB07300A060A2 /* MTPoint.swift in Sources */ = {isa = PBXBuildFile; fileRef = 42D99A1C2CFEB07100A060A2 /* MTPoint.swift */; };
		42D99A1F2CFF783100A060A2 /* MTPrediction.swift in Sources */ = {isa = PBXBuildFile; fileRef = 42D99A1E2CFF782F00A060A2 /* MTPrediction.swift */; };
		42D99A212CFF789700A060A2 /* MTStop.swift in Sources */ = {isa = PBXBuildFile; fileRef = 42D99A202CFF789500A060A2 /* MTStop.swift */; };
		42D99A232CFFF78400A060A2 /* MTStation.swift in Sources */ = {isa = PBXBuildFile; fileRef = 42D99A222CFFF78200A060A2 /* MTStation.swift */; };
		42F0BBFD2D26820200F834DF /* SouthShoreTracker.framework in Frameworks */ = {isa = PBXBuildFile; fileRef = 42F0BBF72D26811800F834DF /* SouthShoreTracker.framework */; };
		42F0BC0D2D27110300F834DF /* SSLMenuItem.swift in Sources */ = {isa = PBXBuildFile; fileRef = 42F0BC0C2D27110100F834DF /* SSLMenuItem.swift */; };
		42F0BC162D27168600F834DF /* SSLPlacemark.swift in Sources */ = {isa = PBXBuildFile; fileRef = 42F0BC132D27168600F834DF /* SSLPlacemark.swift */; };
		42F0BC182D27168600F834DF /* SSLMapView.swift in Sources */ = {isa = PBXBuildFile; fileRef = 42F0BC142D27168600F834DF /* SSLMapView.swift */; };
		42F0BC192D27168600F834DF /* SSLMarkerAnnotationView.swift in Sources */ = {isa = PBXBuildFile; fileRef = 42F0BC122D27168600F834DF /* SSLMarkerAnnotationView.swift */; };
		42F0BC1A2D27168600F834DF /* SSLPointAnnotation.swift in Sources */ = {isa = PBXBuildFile; fileRef = 42F0BC112D27168600F834DF /* SSLPointAnnotation.swift */; };
		42F0BC1C2D28CA6300F834DF /* CRDPointAnnotation.swift in Sources */ = {isa = PBXBuildFile; fileRef = 42F0BC1B2D28CA6300F834DF /* CRDPointAnnotation.swift */; };
		42F0BC1F2D28D91400F834DF /* Amtraker.swift in Sources */ = {isa = PBXBuildFile; fileRef = 42F0BC1E2D28D91200F834DF /* Amtraker.swift */; };
		42F0BC222D28D98400F834DF /* AMTrain.swift in Sources */ = {isa = PBXBuildFile; fileRef = 42F0BC212D28D98200F834DF /* AMTrain.swift */; };
		42F0BC242D28D9BC00F834DF /* AMStop.swift in Sources */ = {isa = PBXBuildFile; fileRef = 42F0BC232D28D9BA00F834DF /* AMStop.swift */; };
		42F0BC262D28DACF00F834DF /* AMStation.swift in Sources */ = {isa = PBXBuildFile; fileRef = 42F0BC252D28DACD00F834DF /* AMStation.swift */; };
		42F0BC2B2D28E56900F834DF /* AMMenuItem.swift in Sources */ = {isa = PBXBuildFile; fileRef = 42F0BC2A2D28E56600F834DF /* AMMenuItem.swift */; };
		42F0BC2F2D28FDC300F834DF /* amtrak.csv in Resources */ = {isa = PBXBuildFile; fileRef = 42F0BC2E2D28FDC300F834DF /* amtrak.csv */; };
		42F0BC352D29BA8900F834DF /* AMMarkerAnnotationView.swift in Sources */ = {isa = PBXBuildFile; fileRef = 42F0BC312D29BA8900F834DF /* AMMarkerAnnotationView.swift */; };
		42F0BC372D29BA8900F834DF /* AMPlacemark.swift in Sources */ = {isa = PBXBuildFile; fileRef = 42F0BC332D29BA8900F834DF /* AMPlacemark.swift */; };
		42F0BC382D29BA8900F834DF /* AMMapView.swift in Sources */ = {isa = PBXBuildFile; fileRef = 42F0BC302D29BA8900F834DF /* AMMapView.swift */; };
		42F0BC392D29BA8900F834DF /* AMPointAnnotation.swift in Sources */ = {isa = PBXBuildFile; fileRef = 42F0BC342D29BA8900F834DF /* AMPointAnnotation.swift */; };
		42F3F7D42D0CA1DE00B9B9DB /* CRDMapView.swift in Sources */ = {isa = PBXBuildFile; fileRef = 42F3F7D32D0CA1DE00B9B9DB /* CRDMapView.swift */; };
		42F3F7D62D0CAD7900B9B9DB /* CRDMarkerAnnotationView.swift in Sources */ = {isa = PBXBuildFile; fileRef = 42F3F7D52D0CAD7900B9B9DB /* CRDMarkerAnnotationView.swift */; };
/* End PBXBuildFile section */

/* Begin PBXContainerItemProxy section */
		42F0BBF62D26811800F834DF /* PBXContainerItemProxy */ = {
			isa = PBXContainerItemProxy;
			containerPortal = 42F0BBF22D26811700F834DF /* SouthShoreTracker.xcodeproj */;
			proxyType = 2;
			remoteGlobalIDString = 42F0BBE72D26811700F834DF;
			remoteInfo = SouthShoreTracker;
		};
		42F0BBFA2D2681FD00F834DF /* PBXContainerItemProxy */ = {
			isa = PBXContainerItemProxy;
			containerPortal = 42F0BBF22D26811700F834DF /* SouthShoreTracker.xcodeproj */;
			proxyType = 1;
			remoteGlobalIDString = 42F0BBE62D26811700F834DF;
			remoteInfo = SouthShoreTracker;
		};
/* End PBXContainerItemProxy section */

/* Begin PBXFileReference section */
		420012EF2C50B9BD007ACC67 /* CRMenuItem.swift */ = {isa = PBXFileReference; lastKnownFileType = sourcecode.swift; path = CRMenuItem.swift; sourceTree = "<group>"; };
		420012F12C50B9C3007ACC67 /* CRPlacemark.swift */ = {isa = PBXFileReference; lastKnownFileType = sourcecode.swift; path = CRPlacemark.swift; sourceTree = "<group>"; };
		420012FC2C535F88007ACC67 /* AboutView.swift */ = {isa = PBXFileReference; lastKnownFileType = sourcecode.swift; path = AboutView.swift; sourceTree = "<group>"; };
		420012FE2C5367A5007ACC67 /* UserInfo.swift */ = {isa = PBXFileReference; lastKnownFileType = sourcecode.swift; path = UserInfo.swift; sourceTree = "<group>"; };
		420013002C536B93007ACC67 /* AboutWindowDelegate.swift */ = {isa = PBXFileReference; lastKnownFileType = sourcecode.swift; path = AboutWindowDelegate.swift; sourceTree = "<group>"; };
		420013022C54B0AC007ACC67 /* CRMarkerAnnotationView.swift */ = {isa = PBXFileReference; lastKnownFileType = sourcecode.swift; path = CRMarkerAnnotationView.swift; sourceTree = "<group>"; };
		420013052C54B1F0007ACC67 /* CRLine.swift */ = {isa = PBXFileReference; lastKnownFileType = sourcecode.swift; path = CRLine.swift; sourceTree = "<group>"; };
		420013072C54B1FB007ACC67 /* CRTime.swift */ = {isa = PBXFileReference; lastKnownFileType = sourcecode.swift; path = CRTime.swift; sourceTree = "<group>"; };
		420013092C54B2B5007ACC67 /* Extensions.swift */ = {isa = PBXFileReference; lastKnownFileType = sourcecode.swift; path = Extensions.swift; sourceTree = "<group>"; };
		4200130B2C54B479007ACC67 /* CRPointAnnotation.swift */ = {isa = PBXFileReference; lastKnownFileType = sourcecode.swift; path = CRPointAnnotation.swift; sourceTree = "<group>"; };
		4200132B2C54E841007ACC67 /* AutomaticRefresh.swift */ = {isa = PBXFileReference; lastKnownFileType = sourcecode.swift; path = AutomaticRefresh.swift; sourceTree = "<group>"; };
		422124BB2C5026D80062695A /* Cerulean.app */ = {isa = PBXFileReference; explicitFileType = wrapper.application; includeInIndex = 0; path = Cerulean.app; sourceTree = BUILT_PRODUCTS_DIR; };
		422124BE2C5026D80062695A /* AppDelegate.swift */ = {isa = PBXFileReference; lastKnownFileType = sourcecode.swift; path = AppDelegate.swift; sourceTree = "<group>"; };
		422124C02C5026DA0062695A /* Assets.xcassets */ = {isa = PBXFileReference; lastKnownFileType = folder.assetcatalog; path = Assets.xcassets; sourceTree = "<group>"; };
		422124C52C5026DA0062695A /* Cerulean.entitlements */ = {isa = PBXFileReference; lastKnownFileType = text.plist.entitlements; path = Cerulean.entitlements; sourceTree = "<group>"; };
		422124CC2C5026FA0062695A /* ChicagoTransitInterface.swift */ = {isa = PBXFileReference; lastKnownFileType = sourcecode.swift; path = ChicagoTransitInterface.swift; sourceTree = "<group>"; };
		422124CD2C5026FA0062695A /* InterfaceResultProcessing.swift */ = {isa = PBXFileReference; lastKnownFileType = sourcecode.swift; path = InterfaceResultProcessing.swift; sourceTree = "<group>"; };
		422124D92C502D900062695A /* CeruleanApp.swift */ = {isa = PBXFileReference; lastKnownFileType = sourcecode.swift; path = CeruleanApp.swift; sourceTree = "<group>"; };
		422124DB2C502E6D0062695A /* Info.plist */ = {isa = PBXFileReference; lastKnownFileType = text.plist; path = Info.plist; sourceTree = "<group>"; };
		424B28F22C509E79002E3E9B /* CRMapView.swift */ = {isa = PBXFileReference; lastKnownFileType = sourcecode.swift; path = CRMapView.swift; sourceTree = "<group>"; };
		42A41DF42C5B369C004ABBC1 /* CRTextField.swift */ = {isa = PBXFileReference; lastKnownFileType = sourcecode.swift; path = CRTextField.swift; sourceTree = "<group>"; };
		42D999FB2CFD6E1F00A060A2 /* METXAPI.swift */ = {isa = PBXFileReference; lastKnownFileType = sourcecode.swift; path = METXAPI.swift; sourceTree = "<group>"; };
		42D999FD2CFD823700A060A2 /* CRPoint.swift */ = {isa = PBXFileReference; lastKnownFileType = sourcecode.swift; path = CRPoint.swift; sourceTree = "<group>"; };
		42D999FF2CFD82D700A060A2 /* cta.csv */ = {isa = PBXFileReference; lastKnownFileType = text; path = cta.csv; sourceTree = "<group>"; };
		42D99A012CFD8B4400A060A2 /* CRPolyline.swift */ = {isa = PBXFileReference; lastKnownFileType = sourcecode.swift; path = CRPolyline.swift; sourceTree = "<group>"; };
		42D99A062CFE50C400A060A2 /* MetworkManager.swift */ = {isa = PBXFileReference; lastKnownFileType = sourcecode.swift; path = MetworkManager.swift; sourceTree = "<group>"; };
		42D99A082CFE5BC200A060A2 /* MTConsist.swift */ = {isa = PBXFileReference; lastKnownFileType = sourcecode.swift; path = MTConsist.swift; sourceTree = "<group>"; };
		42D99A0C2CFE5E5600A060A2 /* MTService.swift */ = {isa = PBXFileReference; lastKnownFileType = sourcecode.swift; path = MTService.swift; sourceTree = "<group>"; };
		42D99A0E2CFE9E4000A060A2 /* MTPlacemark.swift */ = {isa = PBXFileReference; lastKnownFileType = sourcecode.swift; path = MTPlacemark.swift; sourceTree = "<group>"; };
		42D99A122CFE9E5E00A060A2 /* MTMarkerAnnotationView.swift */ = {isa = PBXFileReference; lastKnownFileType = sourcecode.swift; path = MTMarkerAnnotationView.swift; sourceTree = "<group>"; };
		42D99A142CFE9E6500A060A2 /* MTPointAnnotation.swift */ = {isa = PBXFileReference; lastKnownFileType = sourcecode.swift; path = MTPointAnnotation.swift; sourceTree = "<group>"; };
		42D99A162CFE9EBA00A060A2 /* MTMenuItem.swift */ = {isa = PBXFileReference; lastKnownFileType = sourcecode.swift; path = MTMenuItem.swift; sourceTree = "<group>"; };
		42D99A182CFE9FEA00A060A2 /* MTMapView.swift */ = {isa = PBXFileReference; lastKnownFileType = sourcecode.swift; path = MTMapView.swift; sourceTree = "<group>"; };
		42D99A1A2CFEA00900A060A2 /* MTPolyline.swift */ = {isa = PBXFileReference; lastKnownFileType = sourcecode.swift; path = MTPolyline.swift; sourceTree = "<group>"; };
		42D99A1C2CFEB07100A060A2 /* MTPoint.swift */ = {isa = PBXFileReference; lastKnownFileType = sourcecode.swift; path = MTPoint.swift; sourceTree = "<group>"; };
		42D99A1E2CFF782F00A060A2 /* MTPrediction.swift */ = {isa = PBXFileReference; lastKnownFileType = sourcecode.swift; path = MTPrediction.swift; sourceTree = "<group>"; };
		42D99A202CFF789500A060A2 /* MTStop.swift */ = {isa = PBXFileReference; lastKnownFileType = sourcecode.swift; path = MTStop.swift; sourceTree = "<group>"; };
		42D99A222CFFF78200A060A2 /* MTStation.swift */ = {isa = PBXFileReference; lastKnownFileType = sourcecode.swift; path = MTStation.swift; sourceTree = "<group>"; };
		42F0BBF22D26811700F834DF /* SouthShoreTracker.xcodeproj */ = {isa = PBXFileReference; lastKnownFileType = "wrapper.pb-project"; name = SouthShoreTracker.xcodeproj; path = SouthShoreTracker/SouthShoreTracker.xcodeproj; sourceTree = "<group>"; };
		42F0BC0C2D27110100F834DF /* SSLMenuItem.swift */ = {isa = PBXFileReference; lastKnownFileType = sourcecode.swift; path = SSLMenuItem.swift; sourceTree = "<group>"; };
		42F0BC112D27168600F834DF /* SSLPointAnnotation.swift */ = {isa = PBXFileReference; lastKnownFileType = sourcecode.swift; path = SSLPointAnnotation.swift; sourceTree = "<group>"; };
		42F0BC122D27168600F834DF /* SSLMarkerAnnotationView.swift */ = {isa = PBXFileReference; lastKnownFileType = sourcecode.swift; path = SSLMarkerAnnotationView.swift; sourceTree = "<group>"; };
		42F0BC132D27168600F834DF /* SSLPlacemark.swift */ = {isa = PBXFileReference; lastKnownFileType = sourcecode.swift; path = SSLPlacemark.swift; sourceTree = "<group>"; };
		42F0BC142D27168600F834DF /* SSLMapView.swift */ = {isa = PBXFileReference; lastKnownFileType = sourcecode.swift; path = SSLMapView.swift; sourceTree = "<group>"; };
		42F0BC1B2D28CA6300F834DF /* CRDPointAnnotation.swift */ = {isa = PBXFileReference; lastKnownFileType = sourcecode.swift; path = CRDPointAnnotation.swift; sourceTree = "<group>"; };
		42F0BC1E2D28D91200F834DF /* Amtraker.swift */ = {isa = PBXFileReference; lastKnownFileType = sourcecode.swift; path = Amtraker.swift; sourceTree = "<group>"; };
		42F0BC212D28D98200F834DF /* AMTrain.swift */ = {isa = PBXFileReference; lastKnownFileType = sourcecode.swift; path = AMTrain.swift; sourceTree = "<group>"; };
		42F0BC232D28D9BA00F834DF /* AMStop.swift */ = {isa = PBXFileReference; lastKnownFileType = sourcecode.swift; path = AMStop.swift; sourceTree = "<group>"; };
		42F0BC252D28DACD00F834DF /* AMStation.swift */ = {isa = PBXFileReference; lastKnownFileType = sourcecode.swift; path = AMStation.swift; sourceTree = "<group>"; };
		42F0BC2A2D28E56600F834DF /* AMMenuItem.swift */ = {isa = PBXFileReference; lastKnownFileType = sourcecode.swift; path = AMMenuItem.swift; sourceTree = "<group>"; };
		42F0BC2E2D28FDC300F834DF /* amtrak.csv */ = {isa = PBXFileReference; lastKnownFileType = text; path = amtrak.csv; sourceTree = "<group>"; };
		42F0BC302D29BA8900F834DF /* AMMapView.swift */ = {isa = PBXFileReference; lastKnownFileType = sourcecode.swift; path = AMMapView.swift; sourceTree = "<group>"; };
		42F0BC312D29BA8900F834DF /* AMMarkerAnnotationView.swift */ = {isa = PBXFileReference; lastKnownFileType = sourcecode.swift; path = AMMarkerAnnotationView.swift; sourceTree = "<group>"; };
		42F0BC332D29BA8900F834DF /* AMPlacemark.swift */ = {isa = PBXFileReference; lastKnownFileType = sourcecode.swift; path = AMPlacemark.swift; sourceTree = "<group>"; };
		42F0BC342D29BA8900F834DF /* AMPointAnnotation.swift */ = {isa = PBXFileReference; lastKnownFileType = sourcecode.swift; path = AMPointAnnotation.swift; sourceTree = "<group>"; };
		42F3F7D32D0CA1DE00B9B9DB /* CRDMapView.swift */ = {isa = PBXFileReference; lastKnownFileType = sourcecode.swift; path = CRDMapView.swift; sourceTree = "<group>"; };
		42F3F7D52D0CAD7900B9B9DB /* CRDMarkerAnnotationView.swift */ = {isa = PBXFileReference; lastKnownFileType = sourcecode.swift; path = CRDMarkerAnnotationView.swift; sourceTree = "<group>"; };
/* End PBXFileReference section */

/* Begin PBXFrameworksBuildPhase section */
		422124B82C5026D80062695A /* Frameworks */ = {
			isa = PBXFrameworksBuildPhase;
			buildActionMask = 2147483647;
			files = (
				42F0BBFD2D26820200F834DF /* SouthShoreTracker.framework in Frameworks */,
			);
			runOnlyForDeploymentPostprocessing = 0;
		};
/* End PBXFrameworksBuildPhase section */

/* Begin PBXGroup section */
		420012EE2C50B9B5007ACC67 /* Subclasses */ = {
			isa = PBXGroup;
			children = (
				42D99A102CFE9E4700A060A2 /* CTA */,
				42D99A112CFE9E5400A060A2 /* Metra */,
				42F0BC0E2D27110500F834DF /* SSL */,
				42F0BC292D28E55F00F834DF /* Amtrak */,
			);
			path = Subclasses;
			sourceTree = "<group>";
		};
		420013042C54B1EC007ACC67 /* Structs */ = {
			isa = PBXGroup;
			children = (
				42F0BBD52D267BBD00F834DF /* CTA */,
				42D99A0A2CFE5E2E00A060A2 /* Metra */,
				42F0BC202D28D97800F834DF /* Amtrak */,
				420013072C54B1FB007ACC67 /* CRTime.swift */,
			);
			path = Structs;
			sourceTree = "<group>";
		};
		422124B22C5026D80062695A = {
			isa = PBXGroup;
			children = (
				42F0BBF22D26811700F834DF /* SouthShoreTracker.xcodeproj */,
				422124BD2C5026D80062695A /* Cerulean */,
				42F0BBFC2D26820200F834DF /* Frameworks */,
				422124BC2C5026D80062695A /* Products */,
			);
			sourceTree = "<group>";
		};
		422124BC2C5026D80062695A /* Products */ = {
			isa = PBXGroup;
			children = (
				422124BB2C5026D80062695A /* Cerulean.app */,
			);
			name = Products;
			sourceTree = "<group>";
		};
		422124BD2C5026D80062695A /* Cerulean */ = {
			isa = PBXGroup;
			children = (
				42D999FF2CFD82D700A060A2 /* cta.csv */,
				42F0BC2E2D28FDC300F834DF /* amtrak.csv */,
				420013042C54B1EC007ACC67 /* Structs */,
				420012FE2C5367A5007ACC67 /* UserInfo.swift */,
				420013002C536B93007ACC67 /* AboutWindowDelegate.swift */,
				420012EE2C50B9B5007ACC67 /* Subclasses */,
				422124CB2C5026F20062695A /* API */,
				422124DB2C502E6D0062695A /* Info.plist */,
				422124D92C502D900062695A /* CeruleanApp.swift */,
				422124BE2C5026D80062695A /* AppDelegate.swift */,
				4200132B2C54E841007ACC67 /* AutomaticRefresh.swift */,
				420012FC2C535F88007ACC67 /* AboutView.swift */,
				420013092C54B2B5007ACC67 /* Extensions.swift */,
				422124C02C5026DA0062695A /* Assets.xcassets */,
				422124C52C5026DA0062695A /* Cerulean.entitlements */,
			);
			path = Cerulean;
			sourceTree = "<group>";
		};
		422124CB2C5026F20062695A /* API */ = {
			isa = PBXGroup;
			children = (
				42D99A042CFE4F2200A060A2 /* CTA */,
				42D99A032CFE4F1E00A060A2 /* Metra */,
				42F0BC1D2D28D90500F834DF /* Amtrak */,
			);
			path = API;
			sourceTree = "<group>";
		};
		42D99A032CFE4F1E00A060A2 /* Metra */ = {
			isa = PBXGroup;
			children = (
				42D99A062CFE50C400A060A2 /* MetworkManager.swift */,
				42D999FB2CFD6E1F00A060A2 /* METXAPI.swift */,
			);
			path = Metra;
			sourceTree = "<group>";
		};
		42D99A042CFE4F2200A060A2 /* CTA */ = {
			isa = PBXGroup;
			children = (
				422124CC2C5026FA0062695A /* ChicagoTransitInterface.swift */,
				422124CD2C5026FA0062695A /* InterfaceResultProcessing.swift */,
			);
			path = CTA;
			sourceTree = "<group>";
		};
		42D99A0A2CFE5E2E00A060A2 /* Metra */ = {
			isa = PBXGroup;
			children = (
				42D99A222CFFF78200A060A2 /* MTStation.swift */,
				42D99A202CFF789500A060A2 /* MTStop.swift */,
				42D99A1E2CFF782F00A060A2 /* MTPrediction.swift */,
				42D99A1C2CFEB07100A060A2 /* MTPoint.swift */,
				42D99A0C2CFE5E5600A060A2 /* MTService.swift */,
				42D99A082CFE5BC200A060A2 /* MTConsist.swift */,
			);
			path = Metra;
			sourceTree = "<group>";
		};
		42D99A102CFE9E4700A060A2 /* CTA */ = {
			isa = PBXGroup;
			children = (
				424B28F22C509E79002E3E9B /* CRMapView.swift */,
				420013022C54B0AC007ACC67 /* CRMarkerAnnotationView.swift */,
				420012EF2C50B9BD007ACC67 /* CRMenuItem.swift */,
				420012F12C50B9C3007ACC67 /* CRPlacemark.swift */,
				4200130B2C54B479007ACC67 /* CRPointAnnotation.swift */,
				42D99A012CFD8B4400A060A2 /* CRPolyline.swift */,
				42A41DF42C5B369C004ABBC1 /* CRTextField.swift */,
				42F3F7D32D0CA1DE00B9B9DB /* CRDMapView.swift */,
				42F0BC1B2D28CA6300F834DF /* CRDPointAnnotation.swift */,
				42F3F7D52D0CAD7900B9B9DB /* CRDMarkerAnnotationView.swift */,
			);
			path = CTA;
			sourceTree = "<group>";
		};
		42D99A112CFE9E5400A060A2 /* Metra */ = {
			isa = PBXGroup;
			children = (
				42D99A182CFE9FEA00A060A2 /* MTMapView.swift */,
				42D99A162CFE9EBA00A060A2 /* MTMenuItem.swift */,
				42D99A0E2CFE9E4000A060A2 /* MTPlacemark.swift */,
				42D99A142CFE9E6500A060A2 /* MTPointAnnotation.swift */,
				42D99A1A2CFEA00900A060A2 /* MTPolyline.swift */,
				42D99A122CFE9E5E00A060A2 /* MTMarkerAnnotationView.swift */,
			);
			path = Metra;
			sourceTree = "<group>";
		};
		42F0BBD52D267BBD00F834DF /* CTA */ = {
			isa = PBXGroup;
			children = (
				420013052C54B1F0007ACC67 /* CRLine.swift */,
				42D999FD2CFD823700A060A2 /* CRPoint.swift */,
			);
			path = CTA;
			sourceTree = "<group>";
		};
		42F0BBF32D26811700F834DF /* Products */ = {
			isa = PBXGroup;
			children = (
				42F0BBF72D26811800F834DF /* SouthShoreTracker.framework */,
			);
			name = Products;
			sourceTree = "<group>";
		};
		42F0BBFC2D26820200F834DF /* Frameworks */ = {
			isa = PBXGroup;
			children = (
			);
			name = Frameworks;
			sourceTree = "<group>";
		};
		42F0BC0E2D27110500F834DF /* SSL */ = {
			isa = PBXGroup;
			children = (
				42F0BC142D27168600F834DF /* SSLMapView.swift */,
				42F0BC122D27168600F834DF /* SSLMarkerAnnotationView.swift */,
				42F0BC0C2D27110100F834DF /* SSLMenuItem.swift */,
				42F0BC132D27168600F834DF /* SSLPlacemark.swift */,
				42F0BC112D27168600F834DF /* SSLPointAnnotation.swift */,
			);
			path = SSL;
			sourceTree = "<group>";
		};
		42F0BC1D2D28D90500F834DF /* Amtrak */ = {
			isa = PBXGroup;
			children = (
				42F0BC1E2D28D91200F834DF /* Amtraker.swift */,
			);
			path = Amtrak;
			sourceTree = "<group>";
		};
		42F0BC202D28D97800F834DF /* Amtrak */ = {
			isa = PBXGroup;
			children = (
				42F0BC252D28DACD00F834DF /* AMStation.swift */,
				42F0BC232D28D9BA00F834DF /* AMStop.swift */,
				42F0BC212D28D98200F834DF /* AMTrain.swift */,
			);
			path = Amtrak;
			sourceTree = "<group>";
		};
		42F0BC292D28E55F00F834DF /* Amtrak */ = {
			isa = PBXGroup;
			children = (
				42F0BC302D29BA8900F834DF /* AMMapView.swift */,
				42F0BC312D29BA8900F834DF /* AMMarkerAnnotationView.swift */,
				42F0BC332D29BA8900F834DF /* AMPlacemark.swift */,
				42F0BC342D29BA8900F834DF /* AMPointAnnotation.swift */,
				42F0BC2A2D28E56600F834DF /* AMMenuItem.swift */,
			);
			path = Amtrak;
			sourceTree = "<group>";
		};
/* End PBXGroup section */

/* Begin PBXNativeTarget section */
		422124BA2C5026D80062695A /* Cerulean */ = {
			isa = PBXNativeTarget;
			buildConfigurationList = 422124C82C5026DA0062695A /* Build configuration list for PBXNativeTarget "Cerulean" */;
			buildPhases = (
				422124B72C5026D80062695A /* Sources */,
				422124B82C5026D80062695A /* Frameworks */,
				422124B92C5026D80062695A /* Resources */,
			);
			buildRules = (
			);
			dependencies = (
				42F0BBFB2D2681FD00F834DF /* PBXTargetDependency */,
			);
			name = Cerulean;
			productName = Cerulean;
			productReference = 422124BB2C5026D80062695A /* Cerulean.app */;
			productType = "com.apple.product-type.application";
		};
/* End PBXNativeTarget section */

/* Begin PBXProject section */
		422124B32C5026D80062695A /* Project object */ = {
			isa = PBXProject;
			attributes = {
				BuildIndependentTargetsInParallel = 1;
				LastSwiftUpdateCheck = 1600;
				LastUpgradeCheck = 1610;
				TargetAttributes = {
					422124BA2C5026D80062695A = {
						CreatedOnToolsVersion = 16.0;
						LastSwiftMigration = 1600;
					};
				};
			};
			buildConfigurationList = 422124B62C5026D80062695A /* Build configuration list for PBXProject "Cerulean" */;
			compatibilityVersion = "Xcode 15.0";
			developmentRegion = en;
			hasScannedForEncodings = 0;
			knownRegions = (
				en,
				Base,
			);
			mainGroup = 422124B22C5026D80062695A;
			productRefGroup = 422124BC2C5026D80062695A /* Products */;
			projectDirPath = "";
			projectReferences = (
				{
					ProductGroup = 42F0BBF32D26811700F834DF /* Products */;
					ProjectRef = 42F0BBF22D26811700F834DF /* SouthShoreTracker.xcodeproj */;
				},
			);
			projectRoot = "";
			targets = (
				422124BA2C5026D80062695A /* Cerulean */,
			);
		};
/* End PBXProject section */

/* Begin PBXReferenceProxy section */
		42F0BBF72D26811800F834DF /* SouthShoreTracker.framework */ = {
			isa = PBXReferenceProxy;
			fileType = wrapper.framework;
			path = SouthShoreTracker.framework;
			remoteRef = 42F0BBF62D26811800F834DF /* PBXContainerItemProxy */;
			sourceTree = BUILT_PRODUCTS_DIR;
		};
/* End PBXReferenceProxy section */

/* Begin PBXResourcesBuildPhase section */
		422124B92C5026D80062695A /* Resources */ = {
			isa = PBXResourcesBuildPhase;
			buildActionMask = 2147483647;
			files = (
				42F0BC2F2D28FDC300F834DF /* amtrak.csv in Resources */,
				42D99A002CFD82D700A060A2 /* cta.csv in Resources */,
				422124C12C5026DA0062695A /* Assets.xcassets in Resources */,
			);
			runOnlyForDeploymentPostprocessing = 0;
		};
/* End PBXResourcesBuildPhase section */

/* Begin PBXSourcesBuildPhase section */
		422124B72C5026D80062695A /* Sources */ = {
			isa = PBXSourcesBuildPhase;
			buildActionMask = 2147483647;
			files = (
				420013062C54B1F1007ACC67 /* CRLine.swift in Sources */,
				422124BF2C5026D80062695A /* AppDelegate.swift in Sources */,
				42D99A092CFE5BC800A060A2 /* MTConsist.swift in Sources */,
				42F3F7D62D0CAD7900B9B9DB /* CRDMarkerAnnotationView.swift in Sources */,
				42F0BC1F2D28D91400F834DF /* Amtraker.swift in Sources */,
				420012F22C50B9C5007ACC67 /* CRPlacemark.swift in Sources */,
				4200132C2C54E846007ACC67 /* AutomaticRefresh.swift in Sources */,
				420013012C536B95007ACC67 /* AboutWindowDelegate.swift in Sources */,
				424B28F32C509E81002E3E9B /* CRMapView.swift in Sources */,
				420013032C54B0AF007ACC67 /* CRMarkerAnnotationView.swift in Sources */,
				422124CE2C5026FA0062695A /* ChicagoTransitInterface.swift in Sources */,
				422124DA2C502D920062695A /* CeruleanApp.swift in Sources */,
				420013082C54B1FC007ACC67 /* CRTime.swift in Sources */,
				4200130A2C54B2B6007ACC67 /* Extensions.swift in Sources */,
				42D99A1B2CFEA00900A060A2 /* MTPolyline.swift in Sources */,
				42F0BC0D2D27110300F834DF /* SSLMenuItem.swift in Sources */,
				42F0BC162D27168600F834DF /* SSLPlacemark.swift in Sources */,
				42F0BC2B2D28E56900F834DF /* AMMenuItem.swift in Sources */,
				42F0BC182D27168600F834DF /* SSLMapView.swift in Sources */,
				42F0BC192D27168600F834DF /* SSLMarkerAnnotationView.swift in Sources */,
				42F0BC1A2D27168600F834DF /* SSLPointAnnotation.swift in Sources */,
				420012F02C50B9BF007ACC67 /* CRMenuItem.swift in Sources */,
				42D99A212CFF789700A060A2 /* MTStop.swift in Sources */,
				42F0BC262D28DACF00F834DF /* AMStation.swift in Sources */,
				42F0BC242D28D9BC00F834DF /* AMStop.swift in Sources */,
				42F0BC1C2D28CA6300F834DF /* CRDPointAnnotation.swift in Sources */,
				4200130C2C54B47E007ACC67 /* CRPointAnnotation.swift in Sources */,
				422124CF2C5026FA0062695A /* InterfaceResultProcessing.swift in Sources */,
				42D999FC2CFD6E2500A060A2 /* METXAPI.swift in Sources */,
				42D99A152CFE9E6500A060A2 /* MTPointAnnotation.swift in Sources */,
				420012FF2C5367A7007ACC67 /* UserInfo.swift in Sources */,
				42D99A172CFE9EBA00A060A2 /* MTMenuItem.swift in Sources */,
				42D99A1D2CFEB07300A060A2 /* MTPoint.swift in Sources */,
				42D99A0D2CFE5E5800A060A2 /* MTService.swift in Sources */,
				42F0BC222D28D98400F834DF /* AMTrain.swift in Sources */,
				42D99A192CFE9FEA00A060A2 /* MTMapView.swift in Sources */,
				42D99A022CFD8B4600A060A2 /* CRPolyline.swift in Sources */,
				42F0BC352D29BA8900F834DF /* AMMarkerAnnotationView.swift in Sources */,
				42F0BC372D29BA8900F834DF /* AMPlacemark.swift in Sources */,
				42F0BC382D29BA8900F834DF /* AMMapView.swift in Sources */,
				42F0BC392D29BA8900F834DF /* AMPointAnnotation.swift in Sources */,
				42D99A072CFE50C400A060A2 /* MetworkManager.swift in Sources */,
				42F3F7D42D0CA1DE00B9B9DB /* CRDMapView.swift in Sources */,
				42D99A1F2CFF783100A060A2 /* MTPrediction.swift in Sources */,
				42D99A132CFE9E5E00A060A2 /* MTMarkerAnnotationView.swift in Sources */,
				42D999FE2CFD823E00A060A2 /* CRPoint.swift in Sources */,
				42D99A232CFFF78400A060A2 /* MTStation.swift in Sources */,
				42D99A0F2CFE9E4000A060A2 /* MTPlacemark.swift in Sources */,
				420012FD2C535F8C007ACC67 /* AboutView.swift in Sources */,
				42A41DF52C5B369E004ABBC1 /* CRTextField.swift in Sources */,
			);
			runOnlyForDeploymentPostprocessing = 0;
		};
/* End PBXSourcesBuildPhase section */

/* Begin PBXTargetDependency section */
		42F0BBFB2D2681FD00F834DF /* PBXTargetDependency */ = {
			isa = PBXTargetDependency;
			name = SouthShoreTracker;
			targetProxy = 42F0BBFA2D2681FD00F834DF /* PBXContainerItemProxy */;
		};
/* End PBXTargetDependency section */

/* Begin XCBuildConfiguration section */
		422124C62C5026DA0062695A /* Debug */ = {
			isa = XCBuildConfiguration;
			buildSettings = {
				ALWAYS_SEARCH_USER_PATHS = NO;
				ASSETCATALOG_COMPILER_GENERATE_SWIFT_ASSET_SYMBOL_EXTENSIONS = YES;
				CLANG_ANALYZER_NONNULL = YES;
				CLANG_ANALYZER_NUMBER_OBJECT_CONVERSION = YES_AGGRESSIVE;
				CLANG_CXX_LANGUAGE_STANDARD = "gnu++20";
				CLANG_ENABLE_MODULES = YES;
				CLANG_ENABLE_OBJC_ARC = YES;
				CLANG_ENABLE_OBJC_WEAK = YES;
				CLANG_WARN_BLOCK_CAPTURE_AUTORELEASING = YES;
				CLANG_WARN_BOOL_CONVERSION = YES;
				CLANG_WARN_COMMA = YES;
				CLANG_WARN_CONSTANT_CONVERSION = YES;
				CLANG_WARN_DEPRECATED_OBJC_IMPLEMENTATIONS = YES;
				CLANG_WARN_DIRECT_OBJC_ISA_USAGE = YES_ERROR;
				CLANG_WARN_DOCUMENTATION_COMMENTS = YES;
				CLANG_WARN_EMPTY_BODY = YES;
				CLANG_WARN_ENUM_CONVERSION = YES;
				CLANG_WARN_INFINITE_RECURSION = YES;
				CLANG_WARN_INT_CONVERSION = YES;
				CLANG_WARN_NON_LITERAL_NULL_CONVERSION = YES;
				CLANG_WARN_OBJC_IMPLICIT_RETAIN_SELF = YES;
				CLANG_WARN_OBJC_LITERAL_CONVERSION = YES;
				CLANG_WARN_OBJC_ROOT_CLASS = YES_ERROR;
				CLANG_WARN_QUOTED_INCLUDE_IN_FRAMEWORK_HEADER = YES;
				CLANG_WARN_RANGE_LOOP_ANALYSIS = YES;
				CLANG_WARN_STRICT_PROTOTYPES = YES;
				CLANG_WARN_SUSPICIOUS_MOVE = YES;
				CLANG_WARN_UNGUARDED_AVAILABILITY = YES_AGGRESSIVE;
				CLANG_WARN_UNREACHABLE_CODE = YES;
				CLANG_WARN__DUPLICATE_METHOD_MATCH = YES;
				COPY_PHASE_STRIP = NO;
				DEAD_CODE_STRIPPING = YES;
				DEBUG_INFORMATION_FORMAT = dwarf;
				ENABLE_STRICT_OBJC_MSGSEND = YES;
				ENABLE_TESTABILITY = YES;
				ENABLE_USER_SCRIPT_SANDBOXING = YES;
				GCC_C_LANGUAGE_STANDARD = gnu17;
				GCC_DYNAMIC_NO_PIC = NO;
				GCC_NO_COMMON_BLOCKS = YES;
				GCC_OPTIMIZATION_LEVEL = 0;
				GCC_PREPROCESSOR_DEFINITIONS = (
					"DEBUG=1",
					"$(inherited)",
				);
				GCC_WARN_64_TO_32_BIT_CONVERSION = YES;
				GCC_WARN_ABOUT_RETURN_TYPE = YES_ERROR;
				GCC_WARN_UNDECLARED_SELECTOR = YES;
				GCC_WARN_UNINITIALIZED_AUTOS = YES_AGGRESSIVE;
				GCC_WARN_UNUSED_FUNCTION = YES;
				GCC_WARN_UNUSED_VARIABLE = YES;
				LOCALIZATION_PREFERS_STRING_CATALOGS = YES;
				MACOSX_DEPLOYMENT_TARGET = 15.0;
				MTL_ENABLE_DEBUG_INFO = INCLUDE_SOURCE;
				MTL_FAST_MATH = YES;
				ONLY_ACTIVE_ARCH = YES;
				SDKROOT = macosx;
				SWIFT_ACTIVE_COMPILATION_CONDITIONS = "DEBUG $(inherited)";
				SWIFT_OPTIMIZATION_LEVEL = "-Onone";
			};
			name = Debug;
		};
		422124C72C5026DA0062695A /* Release */ = {
			isa = XCBuildConfiguration;
			buildSettings = {
				ALWAYS_SEARCH_USER_PATHS = NO;
				ASSETCATALOG_COMPILER_GENERATE_SWIFT_ASSET_SYMBOL_EXTENSIONS = YES;
				CLANG_ANALYZER_NONNULL = YES;
				CLANG_ANALYZER_NUMBER_OBJECT_CONVERSION = YES_AGGRESSIVE;
				CLANG_CXX_LANGUAGE_STANDARD = "gnu++20";
				CLANG_ENABLE_MODULES = YES;
				CLANG_ENABLE_OBJC_ARC = YES;
				CLANG_ENABLE_OBJC_WEAK = YES;
				CLANG_WARN_BLOCK_CAPTURE_AUTORELEASING = YES;
				CLANG_WARN_BOOL_CONVERSION = YES;
				CLANG_WARN_COMMA = YES;
				CLANG_WARN_CONSTANT_CONVERSION = YES;
				CLANG_WARN_DEPRECATED_OBJC_IMPLEMENTATIONS = YES;
				CLANG_WARN_DIRECT_OBJC_ISA_USAGE = YES_ERROR;
				CLANG_WARN_DOCUMENTATION_COMMENTS = YES;
				CLANG_WARN_EMPTY_BODY = YES;
				CLANG_WARN_ENUM_CONVERSION = YES;
				CLANG_WARN_INFINITE_RECURSION = YES;
				CLANG_WARN_INT_CONVERSION = YES;
				CLANG_WARN_NON_LITERAL_NULL_CONVERSION = YES;
				CLANG_WARN_OBJC_IMPLICIT_RETAIN_SELF = YES;
				CLANG_WARN_OBJC_LITERAL_CONVERSION = YES;
				CLANG_WARN_OBJC_ROOT_CLASS = YES_ERROR;
				CLANG_WARN_QUOTED_INCLUDE_IN_FRAMEWORK_HEADER = YES;
				CLANG_WARN_RANGE_LOOP_ANALYSIS = YES;
				CLANG_WARN_STRICT_PROTOTYPES = YES;
				CLANG_WARN_SUSPICIOUS_MOVE = YES;
				CLANG_WARN_UNGUARDED_AVAILABILITY = YES_AGGRESSIVE;
				CLANG_WARN_UNREACHABLE_CODE = YES;
				CLANG_WARN__DUPLICATE_METHOD_MATCH = YES;
				COPY_PHASE_STRIP = NO;
				DEAD_CODE_STRIPPING = YES;
				DEBUG_INFORMATION_FORMAT = "dwarf-with-dsym";
				ENABLE_NS_ASSERTIONS = NO;
				ENABLE_STRICT_OBJC_MSGSEND = YES;
				ENABLE_USER_SCRIPT_SANDBOXING = YES;
				GCC_C_LANGUAGE_STANDARD = gnu17;
				GCC_NO_COMMON_BLOCKS = YES;
				GCC_WARN_64_TO_32_BIT_CONVERSION = YES;
				GCC_WARN_ABOUT_RETURN_TYPE = YES_ERROR;
				GCC_WARN_UNDECLARED_SELECTOR = YES;
				GCC_WARN_UNINITIALIZED_AUTOS = YES_AGGRESSIVE;
				GCC_WARN_UNUSED_FUNCTION = YES;
				GCC_WARN_UNUSED_VARIABLE = YES;
				LOCALIZATION_PREFERS_STRING_CATALOGS = YES;
				MACOSX_DEPLOYMENT_TARGET = 15.0;
				MTL_ENABLE_DEBUG_INFO = NO;
				MTL_FAST_MATH = YES;
				SDKROOT = macosx;
				SWIFT_COMPILATION_MODE = wholemodule;
			};
			name = Release;
		};
		422124C92C5026DA0062695A /* Debug */ = {
			isa = XCBuildConfiguration;
			buildSettings = {
				ASSETCATALOG_COMPILER_APPICON_NAME = AppIcon;
				ASSETCATALOG_COMPILER_GLOBAL_ACCENT_COLOR_NAME = AccentColor;
				ASSETCATALOG_COMPILER_INCLUDE_ALL_APPICON_ASSETS = YES;
				CLANG_ENABLE_MODULES = YES;
				CODE_SIGN_ENTITLEMENTS = Cerulean/Cerulean.entitlements;
				"CODE_SIGN_IDENTITY[sdk=macosx*]" = "-";
				CODE_SIGN_STYLE = Automatic;
				COMBINE_HIDPI_IMAGES = YES;
				CURRENT_PROJECT_VERSION = 1427;
				DEAD_CODE_STRIPPING = YES;
				DEVELOPMENT_TEAM = "";
				ENABLE_HARDENED_RUNTIME = YES;
				GCC_OPTIMIZATION_LEVEL = 0;
				GENERATE_INFOPLIST_FILE = YES;
				INFOPLIST_FILE = Cerulean/Info.plist;
				INFOPLIST_KEY_CFBundleDisplayName = Cerulean;
				INFOPLIST_KEY_LSApplicationCategoryType = "public.app-category.utilities";
				INFOPLIST_KEY_LSBackgroundOnly = NO;
				INFOPLIST_KEY_LSUIElement = YES;
				INFOPLIST_KEY_NSHumanReadableCopyright = "© WhitetailAni 2024";
				INFOPLIST_KEY_NSPrincipalClass = Cerulean.CeruleanApp;
				LD_RUNPATH_SEARCH_PATHS = (
					"$(inherited)",
					"@executable_path/../Frameworks",
				);
				MACOSX_DEPLOYMENT_TARGET = 11.0;
				MARKETING_VERSION = 3.1.0;
				PRODUCT_BUNDLE_IDENTIFIER = com.whitetailani.Cerulean;
				PRODUCT_NAME = "$(TARGET_NAME)";
				SWIFT_EMIT_LOC_STRINGS = YES;
				SWIFT_ENABLE_EMIT_CONST_VALUES = NO;
				SWIFT_OPTIMIZATION_LEVEL = "-O";
				SWIFT_VERSION = 5.0;
			};
			name = Debug;
		};
		422124CA2C5026DA0062695A /* Release */ = {
			isa = XCBuildConfiguration;
			buildSettings = {
				ASSETCATALOG_COMPILER_APPICON_NAME = AppIcon;
				ASSETCATALOG_COMPILER_GLOBAL_ACCENT_COLOR_NAME = AccentColor;
				ASSETCATALOG_COMPILER_INCLUDE_ALL_APPICON_ASSETS = YES;
				CLANG_ENABLE_MODULES = YES;
				CODE_SIGN_ENTITLEMENTS = Cerulean/Cerulean.entitlements;
				"CODE_SIGN_IDENTITY[sdk=macosx*]" = "-";
				CODE_SIGN_STYLE = Automatic;
				COMBINE_HIDPI_IMAGES = YES;
				CURRENT_PROJECT_VERSION = 1427;
				DEAD_CODE_STRIPPING = YES;
				DEVELOPMENT_TEAM = "";
				ENABLE_HARDENED_RUNTIME = YES;
				GCC_OPTIMIZATION_LEVEL = 1;
				GENERATE_INFOPLIST_FILE = YES;
				INFOPLIST_FILE = Cerulean/Info.plist;
				INFOPLIST_KEY_CFBundleDisplayName = Cerulean;
				INFOPLIST_KEY_LSApplicationCategoryType = "public.app-category.utilities";
				INFOPLIST_KEY_LSBackgroundOnly = NO;
				INFOPLIST_KEY_LSUIElement = YES;
				INFOPLIST_KEY_NSHumanReadableCopyright = "© WhitetailAni 2024";
				INFOPLIST_KEY_NSPrincipalClass = Cerulean.CeruleanApp;
				LD_RUNPATH_SEARCH_PATHS = (
					"$(inherited)",
					"@executable_path/../Frameworks",
				);
				MACOSX_DEPLOYMENT_TARGET = 11.0;
				MARKETING_VERSION = 3.1.0;
				PRODUCT_BUNDLE_IDENTIFIER = com.whitetailani.Cerulean;
				PRODUCT_NAME = "$(TARGET_NAME)";
				SWIFT_EMIT_LOC_STRINGS = YES;
				SWIFT_ENABLE_EMIT_CONST_VALUES = NO;
				SWIFT_OPTIMIZATION_LEVEL = "-O";
				SWIFT_VERSION = 5.0;
			};
			name = Release;
		};
/* End XCBuildConfiguration section */

/* Begin XCConfigurationList section */
		422124B62C5026D80062695A /* Build configuration list for PBXProject "Cerulean" */ = {
			isa = XCConfigurationList;
			buildConfigurations = (
				422124C62C5026DA0062695A /* Debug */,
				422124C72C5026DA0062695A /* Release */,
			);
			defaultConfigurationIsVisible = 0;
			defaultConfigurationName = Release;
		};
		422124C82C5026DA0062695A /* Build configuration list for PBXNativeTarget "Cerulean" */ = {
			isa = XCConfigurationList;
			buildConfigurations = (
				422124C92C5026DA0062695A /* Debug */,
				422124CA2C5026DA0062695A /* Release */,
			);
			defaultConfigurationIsVisible = 0;
			defaultConfigurationName = Release;
		};
/* End XCConfigurationList section */
	};
	rootObject = 422124B32C5026D80062695A /* Project object */;
}
